
Microsoft Visual Studio Solution File, Format Version 12.00
# Visual Studio Version 17
VisualStudioVersion = 17.3.32811.315
MinimumVisualStudioVersion = 10.0.40219.1
Project("{FAE04EC0-301F-11D3-BF4B-00C04F79EFBC}") = "Xuong dong", "Xuong dong\Xuong dong.csproj", "{7521F91D-E283-46DD-8424-352D58C0658D}"
EndProject
Global
	GlobalSection(SolutionConfigurationPlatforms) = preSolution
		Debug|Any CPU = Debug|Any CPU
		Release|Any CPU = Release|Any CPU
	EndGlobalSection
	GlobalSection(ProjectConfigurationPlatforms) = postSolution
		{7521F91D-E283-46DD-8424-352D58C0658D}.Debug|Any CPU.ActiveCfg = Debug|Any CPU
		{7521F91D-E283-46DD-8424-352D58C0658D}.Debug|Any CPU.Build.0 = Debug|Any CPU
		{7521F91D-E283-46DD-8424-352D58C0658D}.Release|Any CPU.ActiveCfg = Release|Any CPU
		{7521F91D-E283-46DD-8424-352D58C0658D}.Release|Any CPU.Build.0 = Release|Any CPU
	EndGlobalSection
	GlobalSection(SolutionProperties) = preSolution
		HideSolutionNode = FALSE
	EndGlobalSection
	GlobalSection(ExtensibilityGlobals) = postSolution
		SolutionGuid = {CFB6CC6F-46BF-44B1-BF92-DFA2737E9247}
	EndGlobalSection
EndGlobal
